# This file is generated by running "berry install" inside your project.
# Manual changes might be lost - proceed with caution!

__metadata:
  version: 2

"@phc/format@npm:^0.5.0":
  version: 0.5.0
  resolution: "@phc/format@npm:0.5.0"
  dependencies:
    safe-buffer: "npm:^5.1.2"
  checksum: b1b68b08ab728f840cbec63d647c4bbd56cbae4e9856efc956eccaa71dac2fb338dccc8f5f0c79f4ac50a889bf1b7bb078bfa674a7d46fb4f3ce4adb088f7949
  languageName: node
  linkType: hard

"argon2@npm:0.21.0":
  version: 0.21.0
  resolution: "argon2@npm:0.21.0"
  dependencies:
    "@phc/format": "npm:^0.5.0"
    bindings: "npm:^1.4.0"
    node-addon-api: "npm:^1.6.0"
  checksum: d2392fd8bc2687d060c4646a9030ae636532714b607d1b7428f9585fd216462f57aa21f08e171e5081e7946f2e9c1eda1cb3ec8ceb84510ab0b0d7d7f517bc46
  languageName: node
  linkType: hard

"bindings@npm:^1.4.0":
  version: 1.5.0
  resolution: "bindings@npm:1.5.0"
  dependencies:
    file-uri-to-path: "npm:1.0.0"
  checksum: afd4ebc42ab26fa5d9f17236064a52273042b4f74395355d9c61135fdf2a923b143cb1dcf8e2039f4363dc130e3f71504b2b61429c32bcb4d2d98e9c78ca2f97
  languageName: node
  linkType: hard

"file-uri-to-path@npm:1.0.0":
  version: 1.0.0
  resolution: "file-uri-to-path@npm:1.0.0"
  checksum: 0447707d3313d4c5c11b48613952f6e91c1486bb0fce45dada19fdd585809e0ac47e6e9d5d09eeef9c688566768b19ad088d88f752392776cd91045f63ee0dd3
  languageName: node
  linkType: hard

"node-addon-api@npm:^1.6.0":
  version: 1.6.2
  resolution: "node-addon-api@npm:1.6.2"
  checksum: 22d58c19f84719c1011b34716207fc27ef2f0a039cd5a2f19836750437780ea2b1c2f18fce3b0beb29c3b1a373aac1ffaa9093c887e86cb70adf49d6d78d9c0f
  languageName: node
  linkType: hard

"safe-buffer@npm:^5.1.2":
  version: 5.1.2
  resolution: "safe-buffer@npm:5.1.2"
  checksum: cebcc60f986c02b6f62e179f506c81fbec00a460ef2762883de7ef95d54172b88c427502c9fd3dec3da0ffaa1e0759dc9b2a7c5a89902f661ab8776fd83775a7
  languageName: node
  linkType: hard

"scratch-repo@workspace:.":
  version: 0.0.0
  resolution: "scratch-repo@workspace:."
  dependencies:
    argon2: "npm:0.21.0"
  dependenciesMeta:
    argon2:
      unplugged: true
  languageName: unknown
  linkType: soft
