# This file is generated by running "berry install" inside your project.
# Manual changes might be lost - proceed with caution!

__metadata:
  version: 2

"@phc/format@npm:^0.5.0":
  version: 0.5.0
  resolution: "@phc/format@npm:0.5.0"
  dependencies:
    safe-buffer: "npm:^5.1.2"
  checksum: 4eb3aa473427b58377bca79d56eaf86ffc444a303b57b1383479f7d9afcb4554e815cc625966610d82ea9ddec9f055cde4a60c6ad663fdbad0d7acdb16438bbb
  languageName: node
  linkType: hard

"abbrev@npm:1":
  version: 1.1.1
  resolution: "abbrev@npm:1.1.1"
  checksum: 2172af3fa92927ca2b5f491a28433d8f760c7aaa503c6445dbd7415a3348b7a3aa88a7ae820ba2d9f733c23fd5bfa95a7b0c08ba7f7663132f1da8a207d6afac
  languageName: node
  linkType: hard

"ajv@npm:^6.5.5":
  version: 6.10.0
  resolution: "ajv@npm:6.10.0"
  dependencies:
    fast-deep-equal: "npm:^2.0.1"
    fast-json-stable-stringify: "npm:^2.0.0"
    json-schema-traverse: "npm:^0.4.1"
    uri-js: "npm:^4.2.2"
  checksum: d817a56b18a59bcadfb652e06bb90862e25a8b85473937b0c071b2213883ab95a9276460d857f9498e5b14cf3aa0c72cd9452bf5936357942164a95482a0c644
  languageName: node
  linkType: hard

"ansi-regex@npm:^2.0.0":
  version: 2.1.1
  resolution: "ansi-regex@npm:2.1.1"
  checksum: 996f6acf5b686d11956d71be78a469bf5000df4b10deece7158d38e9ce7545b59fc27f137d02ac56cdede24c95e6d7b134b87ab04a8bf64025c701f23dcd7746
  languageName: node
  linkType: hard

"aproba@npm:^1.0.3":
  version: 1.2.0
  resolution: "aproba@npm:1.2.0"
  checksum: b1bfe66ace39f840e004ccce2d90b36b05c24e6d9adb51353eee26947fff80f3e5a8c9fdb87d6410847130b234419ba50b768186e60408517f214670e1445346
  languageName: node
  linkType: hard

"are-we-there-yet@npm:~1.1.2":
  version: 1.1.5
  resolution: "are-we-there-yet@npm:1.1.5"
  dependencies:
    delegates: "npm:^1.0.0"
    readable-stream: "npm:^2.0.6"
  checksum: a512eff5dff4e20da50f9db0ddb4ad260a133c0af43224fe50cc77f52f9b26d1c539fef4da45644cd82f0272f8e3015ac529ce216c115118f5845a2853cd91ca
  languageName: node
  linkType: hard

"argon2@npm:^0.21.0":
  version: 0.21.0
  resolution: "argon2@npm:0.21.0"
  dependencies:
    "@phc/format": "npm:^0.5.0"
    bindings: "npm:^1.4.0"
    node-addon-api: "npm:^1.6.0"
    node-gyp: "npm:*"
  checksum: 2cc05df6ac382c0a3a24fb929bd64128dba0f0736b4a7caea7efd15a09d9ac5c9f1368e249d71967b90208070cd3c10fe75de7a13f3b63a9199a3a6a5e1e45db
  languageName: node
  linkType: hard

"asn1@npm:~0.2.3":
  version: 0.2.4
  resolution: "asn1@npm:0.2.4"
  dependencies:
    safer-buffer: "npm:~2.1.0"
  checksum: 843d90cec34de495b888d29607916e68185a8bc0edba135060b39b9967228513de666a42aa3ad296797966e9b53bbd299401dfb3664f70cacf0575516ddf2084
  languageName: node
  linkType: hard

"assert-plus@npm:1.0.0, assert-plus@npm:^1.0.0":
  version: 1.0.0
  resolution: "assert-plus@npm:1.0.0"
  checksum: 2e1926bdee4383fe784a911e77dd4443b62f24e7c2cde23898079536e608c02e64ce2f9ebff539adcc0efe9bba1a17cd8c9e2dccceccf2ef41a635e35283987b
  languageName: node
  linkType: hard

"asynckit@npm:^0.4.0":
  version: 0.4.0
  resolution: "asynckit@npm:0.4.0"
  checksum: 436666baa6950e9504595814088c142e9d7cc72fef585ed71f0ad36c77b133ba100a1238a46dd0c1fdb875552035361862784f330e1860fe5c6511f50cb6490a
  languageName: node
  linkType: hard

"aws-sign2@npm:~0.7.0":
  version: 0.7.0
  resolution: "aws-sign2@npm:0.7.0"
  checksum: 5ddc6ebf028d2ef9c8fec3d55fce37fbcfce1abcbdd21f32e3d420d472a492574954f413fe7579c0233c58171eaa26d83d280976030d098609b97d7fc32d8fb9
  languageName: node
  linkType: hard

"aws4@npm:^1.8.0":
  version: 1.8.0
  resolution: "aws4@npm:1.8.0"
  checksum: 3f4bf659b0a93c7f1ae4484cc24ab6af3ed2bb998e3679f88a7eca767465894067fd5b4c7e6ad314204188bf073c1f6508b39e388986eeb6e2f9a17cc420b292
  languageName: node
  linkType: hard

"balanced-match@npm:^1.0.0":
  version: 1.0.0
  resolution: "balanced-match@npm:1.0.0"
  checksum: 4ef25a348ecb0a0d63d325dbe4d8a9d766f53e33c992fe5ce1e9b125b879dd3b9f30aedf7319deafee8946cf13d5576c91ab971989987b059973b1ce96275009
  languageName: node
  linkType: hard

"bcrypt-pbkdf@npm:^1.0.0":
  version: 1.0.2
  resolution: "bcrypt-pbkdf@npm:1.0.2"
  dependencies:
    tweetnacl: "npm:^0.14.3"
  checksum: d309ecd842c3a07a18fa13354a5d67da8bc509747d5816baaec71533ba5707a8a419cfd6a44f6cc241a907ac052635a77cb54aa08ef52f1523198fc3961e90ad
  languageName: node
  linkType: hard

"bindings@npm:^1.4.0":
  version: 1.5.0
  resolution: "bindings@npm:1.5.0"
  dependencies:
    file-uri-to-path: "npm:1.0.0"
  checksum: 16863b16d0515fd165a8ba9e6a4bc05fe7a8d37c9a9284ad2326ee771a2eae9ea4f17797bba65f7ee75f9d8038a2f8f517dda1f43e3c4fcdd237b1143da03aad
  languageName: node
  linkType: hard

"block-stream@npm:*":
  version: 0.0.9
  resolution: "block-stream@npm:0.0.9"
  dependencies:
    inherits: "npm:~2.0.0"
  checksum: 6dffdc626c56b14a144c12ba781e89a6076910d977ecc3a5fe701ad778fb1ec23107109a0327c60e3485b9c9a28febad59b90b2fd386b2330896b889eb65e8de
  languageName: node
  linkType: hard

"brace-expansion@npm:^1.1.7":
  version: 1.1.11
  resolution: "brace-expansion@npm:1.1.11"
  dependencies:
    balanced-match: "npm:^1.0.0"
    concat-map: "npm:0.0.1"
  checksum: 3144205afcd7381e9b71c80c43ba2b611fa5b779e93aca75e17990231df202d259d4b86a7fdd8e0ed2ff4388a00a11885ccce6bd17e4a38e47671340928f6428
  languageName: node
  linkType: hard

"caseless@npm:~0.12.0":
  version: 0.12.0
  resolution: "caseless@npm:0.12.0"
  checksum: 9f839fca98369c208aa75043b3e50451c4f8ce8f9a480fd7825b2dbd6d66baf50fe7b640b37a64c133a335f1c59a457253023a80a167851db9b38f9229751018
  languageName: node
  linkType: hard

"code-point-at@npm:^1.0.0":
  version: 1.1.0
  resolution: "code-point-at@npm:1.1.0"
  checksum: de6eb79cc9d37effd5859c4a59ff3a836bc72c88bcdfe3a2fb77af5edf0a30bbc9994451545c91fd92ef320e4b9ad345f0ed2b857332d05de05e5a61e6a67fe2
  languageName: node
  linkType: hard

"combined-stream@npm:^1.0.6, combined-stream@npm:~1.0.6":
  version: 1.0.7
  resolution: "combined-stream@npm:1.0.7"
  dependencies:
    delayed-stream: "npm:~1.0.0"
  checksum: 590b064c0b02af0dfac78a62fbc88bd625eb1983dd25f5190b9559c1f3e70083a80540b3e7b281fdc958906d785983c1e5a6e7c789c0c08f269ce53e95c21451
  languageName: node
  linkType: hard

"concat-map@npm:0.0.1":
  version: 0.0.1
  resolution: "concat-map@npm:0.0.1"
  checksum: 0214e8460be7245085e3135a774fac64174ae6e34f3bd032f0be4baecd712e8d8910ddd0a1573d49032b277b3c9adf9af0c273e44c802cfde1ca7788db9c60a6
  languageName: node
  linkType: hard

"console-control-strings@npm:^1.0.0, console-control-strings@npm:~1.1.0":
  version: 1.1.0
  resolution: "console-control-strings@npm:1.1.0"
  checksum: afa6d2b95abb1d1ea66097203f3ccf1027635da4b5d71a1d3a4948bca40ab21e4767a49c9547d3f260edf3755f9e2ca0be2556a145e5cd58d437c03ebb6030ec
  languageName: node
  linkType: hard

"core-util-is@npm:1.0.2, core-util-is@npm:~1.0.0":
  version: 1.0.2
  resolution: "core-util-is@npm:1.0.2"
  checksum: 1748373669fc820128958519c55c93a36cfe5af11efeff8b615e69f070d25ad99675463be2a883c5ad16a19c2a63612fed4647b2d1db106ac39aacdbb03f6c9c
  languageName: node
  linkType: hard

"dashdash@npm:^1.12.0":
  version: 1.14.1
  resolution: "dashdash@npm:1.14.1"
  dependencies:
    assert-plus: "npm:^1.0.0"
  checksum: 4077556bc3ecc984f2804280cc785b653e8c5c03b2dcf8861304c1f602f921da9f3b98becc3aa1044037a71b1addd812e1eaa12d74c07ed7a0c637314bb0d022
  languageName: node
  linkType: hard

"delayed-stream@npm:~1.0.0":
  version: 1.0.0
  resolution: "delayed-stream@npm:1.0.0"
  checksum: de5bb7cb26074affe37769e08769ede2383cc29dfa64184a7cbb185c52a323c629818cfa0d708526d28e3ad62ece16d018f3bfc5ee07581e127bf5f04de269ec
  languageName: node
  linkType: hard

"delegates@npm:^1.0.0":
  version: 1.0.0
  resolution: "delegates@npm:1.0.0"
  checksum: 9e2131b101388ca0fba35bf1841c34be1a3cc2cb2c022681346880c6d90f9b64e742fd59c65b650af1a91cc493391e9bf3ee9d0f6871a9f05cda323c6d4b0052
  languageName: node
  linkType: hard

"ecc-jsbn@npm:~0.1.1":
  version: 0.1.2
  resolution: "ecc-jsbn@npm:0.1.2"
  dependencies:
    jsbn: "npm:~0.1.0"
    safer-buffer: "npm:^2.1.0"
  checksum: 4529d931c0734abc9156fa0618df723017203f2d5fe6ec9fb5dd03f9dc020d8f4c0db163bc5c657fd30a593414927391fc5a1bfac832df490bc222b9feaf656e
  languageName: node
  linkType: hard

"extend@npm:~3.0.2":
  version: 3.0.2
  resolution: "extend@npm:3.0.2"
  checksum: c75e00b4d75dad5fff636dfc31dc8231b118280a7126c7bdfa42ac51fd8f117827b7110b73df14651a5c56bc6140c86cac91fa4f8a49a2a8aae8077f2cfd01f6
  languageName: node
  linkType: hard

"extsprintf@npm:1.3.0, extsprintf@npm:^1.2.0":
  version: 1.3.0
  resolution: "extsprintf@npm:1.3.0"
  checksum: 93b3a802d49b3d7fb1e7047a818e407732b23650605df0ad3de0e8a36931dec3fb85b4e84bf740c8dd2e81cff8697412f110d93d3d8b1db2a5129789524ff717
  languageName: node
  linkType: hard

"fast-deep-equal@npm:^2.0.1":
  version: 2.0.1
  resolution: "fast-deep-equal@npm:2.0.1"
  checksum: 9bd5fa3e3782b6e6269e9139ab2aca367ccdb737aa9a455cf02210be03e4085be44f834cab4bdaf73c7dc45ded0030c2b215edb1d61d773144472199b8a62093
  languageName: node
  linkType: hard

"fast-json-stable-stringify@npm:^2.0.0":
  version: 2.0.0
  resolution: "fast-json-stable-stringify@npm:2.0.0"
  checksum: c51b8fa1e5860145378caf07b268e368d22219d99c345abaf5710def89c9f758fe6a22c1ef479f76fad636a3736898425f64dc928e4e7403b47205a6983b3e00
  languageName: node
  linkType: hard

"file-uri-to-path@npm:1.0.0":
  version: 1.0.0
  resolution: "file-uri-to-path@npm:1.0.0"
  checksum: 40fc3ed866d295801e3e8eaf205b7b0c108abe89dfd9964ea88239632c9237ae58e7741f3b04763d00f343f319e4ac02b940eb544822c5906e8a87835919a087
  languageName: node
  linkType: hard

"forever-agent@npm:~0.6.1":
  version: 0.6.1
  resolution: "forever-agent@npm:0.6.1"
  checksum: 123ef0c205d78172cd5b26831d023f136c2ca9433a702a2ee032617621441aa342d4a1052ffb0a6548db29a4ab65f9da17c9c0aeac755953d5d6e44c26ca2f3e
  languageName: node
  linkType: hard

"form-data@npm:~2.3.2":
  version: 2.3.3
  resolution: "form-data@npm:2.3.3"
  dependencies:
    asynckit: "npm:^0.4.0"
    combined-stream: "npm:^1.0.6"
    mime-types: "npm:^2.1.12"
  checksum: 5ebfbb848ffb3433b81b9c3d19f36408c1b6252f8ab42767895fa4cc00ee72dec59846399a52465b79743a67c438d82c1d69dea70874124af0b4d6a2276a8123
  languageName: node
  linkType: hard

"fs.realpath@npm:^1.0.0":
  version: 1.0.0
  resolution: "fs.realpath@npm:1.0.0"
  checksum: f259ee062dea37e195afda57b68b7577f14480b01150867f34a553accb2bb5198901075a2bafdb6ec8b01771073a6588dd9ec1871f46709fb5e5d732cdbd9d75
  languageName: node
  linkType: hard

"fstream@npm:^1.0.0, fstream@npm:^1.0.2":
  version: 1.0.11
  resolution: "fstream@npm:1.0.11"
  dependencies:
    graceful-fs: "npm:^4.1.2"
    inherits: "npm:~2.0.0"
    mkdirp: "npm:>=0.5 0"
    rimraf: "npm:2"
  checksum: 57f5915c42e63dc981e085e5b0a56ba796d350228fb2d4a2900f4e3e49532f009d13b411b4c4ec7ad3dce2fcaec0d5f72faf02ad5eac2049aafb760ec2d9b096
  languageName: node
  linkType: hard

"gauge@npm:~2.7.3":
  version: 2.7.4
  resolution: "gauge@npm:2.7.4"
  dependencies:
    aproba: "npm:^1.0.3"
    console-control-strings: "npm:^1.0.0"
    has-unicode: "npm:^2.0.0"
    object-assign: "npm:^4.1.0"
    signal-exit: "npm:^3.0.0"
    string-width: "npm:^1.0.1"
    strip-ansi: "npm:^3.0.1"
    wide-align: "npm:^1.1.0"
  checksum: 86d1099a953a0b3d529ff3884105d17a3a29b736bbe974efea28b6392d32dcbcfe08c33c971b3c8f11e2ae41aac6774369a3b2644a8da749bc2029885b5901ec
  languageName: node
  linkType: hard

"getpass@npm:^0.1.1":
  version: 0.1.7
  resolution: "getpass@npm:0.1.7"
  dependencies:
    assert-plus: "npm:^1.0.0"
  checksum: 383a7d4227e44f1cbbbefbd9a301ebc781d7d9a999cc43affd79be95bd08fd2cf3fc64717cba45a468b21da91d06f46cfa226226b58cac354c49b1b2edbdf9b3
  languageName: node
  linkType: hard

"glob@npm:^7.0.3, glob@npm:^7.1.3":
  version: 7.1.3
  resolution: "glob@npm:7.1.3"
  dependencies:
    fs.realpath: "npm:^1.0.0"
    inflight: "npm:^1.0.4"
    inherits: "npm:2"
    minimatch: "npm:^3.0.4"
    once: "npm:^1.3.0"
    path-is-absolute: "npm:^1.0.0"
  checksum: 8ff1814c83accb6d7d8044534bb99cbc368576b063bd5effb2daa02d55d1d0de590db58dde4c403e70c35488a9ee337c61ab206b6bd4bdad8fde0408ecaa3caf
  languageName: node
  linkType: hard

"graceful-fs@npm:^4.1.2":
  version: 4.1.15
  resolution: "graceful-fs@npm:4.1.15"
  checksum: ee96fff19881c5d5221d1648fe7ca03228a8aa5c5bdb2729e82107581d04acdc3fea6314670c3da7bd5ac2cd16a10a93c203637d22cbd30f35f9ab52c750ad1d
  languageName: node
  linkType: hard

"har-schema@npm:^2.0.0":
  version: 2.0.0
  resolution: "har-schema@npm:2.0.0"
  checksum: 593bcf072359209019542506ae2584589181d42ef3290cb77a89a0efc82c03eb30d35b1e4c8f25062f17fe1ae1d2a70e5f890425667a66067e587475cb65bbd5
  languageName: node
  linkType: hard

"har-validator@npm:~5.1.0":
  version: 5.1.3
  resolution: "har-validator@npm:5.1.3"
  dependencies:
    ajv: "npm:^6.5.5"
    har-schema: "npm:^2.0.0"
  checksum: 18bd33d982a6bfccff0fda1ac9e243d60c93238fead437be552604dc756ab6fc5eb6593bd81228b30dda634b4917faacfb0c80c823d1eb5205e322b120a582ee
  languageName: node
  linkType: hard

"has-unicode@npm:^2.0.0":
  version: 2.0.1
  resolution: "has-unicode@npm:2.0.1"
  checksum: 2505080c6134232a8dd8b9a65af319e826630a1bbc20710ae639e04abc4c73038f2aa315175af2e8da1ab62af62e17ac6b9a0e6e94dd8bcc7a534c652dd7d51c
  languageName: node
  linkType: hard

"http-signature@npm:~1.2.0":
  version: 1.2.0
  resolution: "http-signature@npm:1.2.0"
  dependencies:
    assert-plus: "npm:^1.0.0"
    jsprim: "npm:^1.2.2"
    sshpk: "npm:^1.7.0"
  checksum: 0b0cc89ce314861c040755d1cc5f8ab22431021701630973c6770511c2feed5e98f847a4490fb5cfe30cbc03e2025ceb560296f5d3885ef44a3148e061ede5a0
  languageName: node
  linkType: hard

"inflight@npm:^1.0.4":
  version: 1.0.6
  resolution: "inflight@npm:1.0.6"
  dependencies:
    once: "npm:^1.3.0"
    wrappy: "npm:1"
  checksum: 3c83d23b977c4e6a811e3c22c8be56df2fa4dfc0c83f4be5a3651acf4a27e77a642bad0a3e7d18528a0acf61cb0d88e0a810d27fdb0646894c694fc2a61df229
  languageName: node
  linkType: hard

"inherits@npm:2, inherits@npm:~2.0.0, inherits@npm:~2.0.3":
  version: 2.0.3
  resolution: "inherits@npm:2.0.3"
  checksum: 3720d4979053f1c89eee121573f042f7b1020ef17ac7f4334abf579da9723043e23adafb3627a326cdab369c105238ed604c7a757e51a20228dc6065b38283ef
  languageName: node
  linkType: hard

"is-fullwidth-code-point@npm:^1.0.0":
  version: 1.0.0
  resolution: "is-fullwidth-code-point@npm:1.0.0"
  dependencies:
    number-is-nan: "npm:^1.0.0"
  checksum: 60eb0e920e6d6496ae7847c5e301e692ac2ecb9f5691701f0fdd9957e663e6ce2a46c088991e913ce5a3ef42117806e44f1a8d6bed9a65a4863463272de5aa9d
  languageName: node
  linkType: hard

"is-typedarray@npm:~1.0.0":
  version: 1.0.0
  resolution: "is-typedarray@npm:1.0.0"
  checksum: fd8a6a0959c57ddfcf45d17a612ecf11e4ab8ef000853fc649a92d991d24cdcce90a9735ccd8bcc3110c2150591ab4c9af2d95a9cc413d531760a4d1baa1de52
  languageName: node
  linkType: hard

"isarray@npm:~1.0.0":
  version: 1.0.0
  resolution: "isarray@npm:1.0.0"
  checksum: e3a216f30e742c495955ccaa567b9f04f392ba7c9674a62dbc3792c6b4103441bcb67daa35cb27f550ec38114854c3813330362136e98053d7414f17f91165ce
  languageName: node
  linkType: hard

"isexe@npm:^2.0.0":
  version: 2.0.0
  resolution: "isexe@npm:2.0.0"
  checksum: 8312a3258bc24b5b640321cace7f48805ac2b19b5154b5f517f21802805786780f324d025ce1f685fa89604f7ebf84ba97dbd813c27dff8339d20d83a57bcd0d
  languageName: node
  linkType: hard

"isstream@npm:~0.1.2":
  version: 0.1.2
  resolution: "isstream@npm:0.1.2"
  checksum: 836c4c5f9214526aa02c3db0206cec825dd964b8eff46d57f27132b490e5a7e9adb23674fc3639a0585c466384f34ab7ebb1ec25e45bd0674cb02b659431cada
  languageName: node
  linkType: hard

"jsbn@npm:~0.1.0":
  version: 0.1.1
  resolution: "jsbn@npm:0.1.1"
  checksum: e9f997a73ec8e5a6b0429fb0993cc248cda89146e3180fb0fc49d877f8107289f3fbcf199a26720193fd5a57ae3a486fbf50007c45a751b64a6472b09c4cad94
  languageName: node
  linkType: hard

"json-schema-traverse@npm:^0.4.1":
  version: 0.4.1
  resolution: "json-schema-traverse@npm:0.4.1"
  checksum: cb908385b6736c39335d6d6567b6a611e0e7362fcde2e53517190111876dcb71b3465fd1b5f6b597087eb8499b0a8570b06d4a4a4158f6221f7e9956f03edcb6
  languageName: node
  linkType: hard

"json-schema@npm:0.2.3":
  version: 0.2.3
  resolution: "json-schema@npm:0.2.3"
  checksum: 329f3f40b507d7e63fb23bd63806bcde6d3e6eb42e12ed942e0ac2e4cf3fd5e1320a07d364f88708edcd68a1588fecaa45022d6cabdafae3baf91ca75c58fd95
  languageName: node
  linkType: hard

"json-stringify-safe@npm:~5.0.1":
  version: 5.0.1
  resolution: "json-stringify-safe@npm:5.0.1"
  checksum: 783a7c6013a37e23501e799aa446fd1dffbf27ffa6879a14d84fb3783e74a0db493ab34c9493dabf61d4e15e3d22cafea53f36e3b845312049c40f98a36159ae
  languageName: node
  linkType: hard

"jsprim@npm:^1.2.2":
  version: 1.4.1
  resolution: "jsprim@npm:1.4.1"
  dependencies:
    assert-plus: "npm:1.0.0"
    extsprintf: "npm:1.3.0"
    json-schema: "npm:0.2.3"
    verror: "npm:1.10.0"
  checksum: cc9d33f3d3ccc252b68e4740114398c496539ababdaacfedf8160dbc7be3762e64aab8b8130aecfa245eaf1b7ab9cdc9984ea040875b9942a740992e850639a2
  languageName: node
  linkType: hard

"mime-db@npm:~1.38.0":
  version: 1.38.0
  resolution: "mime-db@npm:1.38.0"
  checksum: 41d1d3b3db47fd3f4f3a4cb6b797acb76d83e219eeb46cff45248989c96e359a2dd667308a326f48b038c2b0bc6e574f96ffc9e3fd3a20dc223e912d43c06979
  languageName: node
  linkType: hard

"mime-types@npm:^2.1.12, mime-types@npm:~2.1.19":
  version: 2.1.22
  resolution: "mime-types@npm:2.1.22"
  dependencies:
    mime-db: "npm:~1.38.0"
  checksum: a59f83be4e0ba426cc930098a8842e93675a3ba185c834000960ce31b6d125a0539a56157e245cf28e4744ea2a8c801f9f3b3f47bd5f6a6f912ee85d55669f00
  languageName: node
  linkType: hard

"minimatch@npm:^3.0.4":
  version: 3.0.4
  resolution: "minimatch@npm:3.0.4"
  dependencies:
    brace-expansion: "npm:^1.1.7"
  checksum: 810bdc0f779745f3c5faeb8096d722da68f1a751b398b473f2ab87902e36546b2de764324b337af17793fe833b0d82efddd0933fa0d089073a31e5e4747f8cf8
  languageName: node
  linkType: hard

"minimist@npm:0.0.8":
  version: 0.0.8
  resolution: "minimist@npm:0.0.8"
  checksum: f824cd001247c73b7ff5561b6e179189766d9b6c1c91335bd3c81e3e2f523aab4bbc3bc3c02ccb276ec2a25f3fda1f7264a477b2fae82d70b672da4a5a3000ae
  languageName: node
  linkType: hard

"mkdirp@npm:>=0.5 0, mkdirp@npm:^0.5.0":
  version: 0.5.1
  resolution: "mkdirp@npm:0.5.1"
  dependencies:
    minimist: "npm:0.0.8"
  checksum: 82088624b1510a084fc91a53fc3492a7dee19e9272c35e54be47e3ab6a05c312efaa1b0e8e273871443084939b9ea6dfa20c333954c005af715a73128117a303
  languageName: node
  linkType: hard

"node-addon-api@npm:^1.6.0":
  version: 1.6.3
  resolution: "node-addon-api@npm:1.6.3"
  dependencies:
    node-gyp: "npm:*"
  checksum: b0b4a0b2f96541871d49e408beb6196e4a6849e8d424dd503aa66feefb8fef571cac1f70325759ec04324f4007baf5bb25edde2f74c15c93c5429c76ef0e917a
  languageName: node
  linkType: hard

"node-gyp@npm:*":
  version: 3.8.0
  resolution: "node-gyp@npm:3.8.0"
  dependencies:
    fstream: "npm:^1.0.0"
    glob: "npm:^7.0.3"
    graceful-fs: "npm:^4.1.2"
    mkdirp: "npm:^0.5.0"
    nopt: "npm:2 || 3"
    npmlog: "npm:0 || 1 || 2 || 3 || 4"
    osenv: "npm:0"
    request: "npm:^2.87.0"
    rimraf: "npm:2"
    semver: "npm:~5.3.0"
    tar: "npm:^2.0.0"
    which: "npm:1"
  checksum: 8b1a5496ad83f968bc9bdaedc2e120169ec41f137e5057049d37c4470cc089b1612e694185bcedc6abe6386c3d643fc8dca990623aa49f781888954b9b27db39
  languageName: node
  linkType: hard

"nopt@npm:2 || 3":
  version: 3.0.6
  resolution: "nopt@npm:3.0.6"
  dependencies:
    abbrev: "npm:1"
  checksum: 994be1604f0d9342f84556989a409a195e9b5a1b7c1a6ee12a257e627ef80a691822ef701af44886d1e3f23675fde4ef8db26ee8d612712246035342d2e1ecef
  languageName: node
  linkType: hard

"npmlog@npm:0 || 1 || 2 || 3 || 4":
  version: 4.1.2
  resolution: "npmlog@npm:4.1.2"
  dependencies:
    are-we-there-yet: "npm:~1.1.2"
    console-control-strings: "npm:~1.1.0"
    gauge: "npm:~2.7.3"
    set-blocking: "npm:~2.0.0"
  checksum: 630681bc8efae9a1cee3aea16933173e10ea8a2eb39bb5ae58bc88a4e81f33bb503b1559646915fe072d036fd691e4f4b456ec38ce7b49ed4e61ae6ba01fe603
  languageName: node
  linkType: hard

"number-is-nan@npm:^1.0.0":
  version: 1.0.1
  resolution: "number-is-nan@npm:1.0.1"
  checksum: e47b15a088d849fc44bd00112747340e075accc725f02f0ae358b7556b9a29018dcfe241fa5a956dfd626086fa5e320f8c80da1625ad0b064a40eaa1e20163e3
  languageName: node
  linkType: hard

"oauth-sign@npm:~0.9.0":
  version: 0.9.0
  resolution: "oauth-sign@npm:0.9.0"
  checksum: af288a9d250a83aa5384934eb36ff312390ad88758564892be08a1272ef562e46b9ef927c621aad9b8c4e212401f619300318eab3f0251d9a4b8f3788e630b70
  languageName: node
  linkType: hard

"object-assign@npm:^4.1.0":
  version: 4.1.1
  resolution: "object-assign@npm:4.1.1"
  checksum: 836dff7ecae859616f37c685863d60fc9ff19627b652f6f29fe2d711f26314d736075a250db81f8ebd4c480f23636392103898f9c8bb0b3b60baa1a255526b87
  languageName: node
  linkType: hard

"once@npm:^1.3.0":
  version: 1.4.0
  resolution: "once@npm:1.4.0"
  dependencies:
    wrappy: "npm:1"
  checksum: 9353242f6840822466aaea7985c6ba19f04de7adef144592204373ff28565ce2bc1f38bff42692a835c1dc18c73dd79aa98962de3030ac3a132dc89314036877
  languageName: node
  linkType: hard

"os-homedir@npm:^1.0.0":
  version: 1.0.2
  resolution: "os-homedir@npm:1.0.2"
  checksum: 38c454d3ad9680f9769b38877b383aba02d2fe841f3443ec57796881260d8d3b949ec6f3a134496085219b497f5736335da34abac210c6eb2f3e1dfadedc7923
  languageName: node
  linkType: hard

"os-tmpdir@npm:^1.0.0":
  version: 1.0.2
  resolution: "os-tmpdir@npm:1.0.2"
  checksum: aeca77aac823000ee7c6d9de78aefe9062f6349b8b3ca5967a60b6228abf4b18e75bb297cb3aa9eb214cdad686af1ba628cf58d0efe3adb4bf2ad750547d8b18
  languageName: node
  linkType: hard

"osenv@npm:0":
  version: 0.1.5
  resolution: "osenv@npm:0.1.5"
  dependencies:
    os-homedir: "npm:^1.0.0"
    os-tmpdir: "npm:^1.0.0"
  checksum: 89893c50148a26361dd263ae0bddabfb3c2ab2aa916492778fed100535f485b909b0018c14c5120295fbe1486b7d7ce576224dd245c0212945ac2906fc678dff
  languageName: node
  linkType: hard

"path-is-absolute@npm:^1.0.0":
  version: 1.0.1
  resolution: "path-is-absolute@npm:1.0.1"
  checksum: fc7963efdd45f09578ee4003f4b83da34df9fadd67ed16c4924109f86510d3b1a2a7450a5130e4bb3c701c26c80bfe22b13bfaa2509325885db6f566f4a72e5b
  languageName: node
  linkType: hard

"performance-now@npm:^2.1.0":
  version: 2.1.0
  resolution: "performance-now@npm:2.1.0"
  checksum: ea44c07196a84325e757203e6a707aa14b17ce2d000a6f78a64392969df4656ec2beda441e8f89296650d854ad4d4aff9a478b64d852df70aab6479e7154d507
  languageName: node
  linkType: hard

"process-nextick-args@npm:~2.0.0":
  version: 2.0.0
  resolution: "process-nextick-args@npm:2.0.0"
  checksum: 499be8d07fdb4c3c227d1e50e6e849828cc898390b39e53d954c1b60b5896f4004b662fefeb9abbfd090c8740303b8d2021bf77fd5613643b459fe5aecf0247f
  languageName: node
  linkType: hard

"psl@npm:^1.1.24":
  version: 1.1.31
  resolution: "psl@npm:1.1.31"
  checksum: dcb9019f428b454d994c2b3a18b5bbd8f714565f4407e006b54536fb0015936ccdc402452760ceccbdb9daf3537d6ef4b39d324223769a6dd8c76f69fcc438a7
  languageName: node
  linkType: hard

"punycode@npm:^1.4.1":
  version: 1.4.1
  resolution: "punycode@npm:1.4.1"
  checksum: aa81e300830f6b19c174a161fd0874441a0178081fc466b9b64cc80529032df0398a169df89fb72f8f20362bcbc79ff6e5e6775398e2059230ab0dd72fae08ae
  languageName: node
  linkType: hard

"punycode@npm:^2.1.0":
  version: 2.1.1
  resolution: "punycode@npm:2.1.1"
  checksum: 91fc7e73c7b46b91a0c94a4ab726d7f087b8c79e1978ef6ff141e32fa9df49476cc5703b5fdc7da509a0d0b9367b67c2f10e031f9b60c0e22c3cb98ad719d71f
  languageName: node
  linkType: hard

"qs@npm:~6.5.2":
  version: 6.5.2
  resolution: "qs@npm:6.5.2"
  checksum: 6de60816c6368500c617d2b586ba3a41b2d3fa8aa809b1aa2b3ae817c27fbfb5da5a41958c86688ff9c64dc587f006691746ad9dc3cd36e0a81effaa6b7bc2b0
  languageName: node
  linkType: hard

"readable-stream@npm:^2.0.6":
  version: 2.3.6
  resolution: "readable-stream@npm:2.3.6"
  dependencies:
    core-util-is: "npm:~1.0.0"
    inherits: "npm:~2.0.3"
    isarray: "npm:~1.0.0"
    process-nextick-args: "npm:~2.0.0"
    safe-buffer: "npm:~5.1.1"
    string_decoder: "npm:~1.1.1"
    util-deprecate: "npm:~1.0.1"
  checksum: 935097d659d62c77122c6370259b995c72916fd29cce14af6bd88b910268b16818df9886626cbdf6dd72f6c6e3ed509c488e2ce139820772e9498f23b73d4d59
  languageName: node
  linkType: hard

"request@npm:^2.87.0":
  version: 2.88.0
  resolution: "request@npm:2.88.0"
  dependencies:
    aws-sign2: "npm:~0.7.0"
    aws4: "npm:^1.8.0"
    caseless: "npm:~0.12.0"
    combined-stream: "npm:~1.0.6"
    extend: "npm:~3.0.2"
    forever-agent: "npm:~0.6.1"
    form-data: "npm:~2.3.2"
    har-validator: "npm:~5.1.0"
    http-signature: "npm:~1.2.0"
    is-typedarray: "npm:~1.0.0"
    isstream: "npm:~0.1.2"
    json-stringify-safe: "npm:~5.0.1"
    mime-types: "npm:~2.1.19"
    oauth-sign: "npm:~0.9.0"
    performance-now: "npm:^2.1.0"
    qs: "npm:~6.5.2"
    safe-buffer: "npm:^5.1.2"
    tough-cookie: "npm:~2.4.3"
    tunnel-agent: "npm:^0.6.0"
    uuid: "npm:^3.3.2"
  checksum: af8fd4588851c933b83005db8090f841ebcea45019a19d6446978ccec84b0e6fdcc28b08c3a92da64547fec9ae154909d842493a4c066101da0c0e61746d1071
  languageName: node
  linkType: hard

"rimraf@npm:2":
  version: 2.6.3
  resolution: "rimraf@npm:2.6.3"
  dependencies:
    glob: "npm:^7.1.3"
  checksum: e43423f124f3f19c091067c82640105b45109a42d8fcd15570e5483fab92e2121d5cdf28c48a78bd0f847e93d1d6111334158be2a6d51300872070b77c1a1757
  languageName: node
  linkType: hard

"safe-buffer@npm:^5.0.1, safe-buffer@npm:^5.1.2, safe-buffer@npm:~5.1.0, safe-buffer@npm:~5.1.1":
  version: 5.1.2
  resolution: "safe-buffer@npm:5.1.2"
  checksum: 4497478364fdba2a0d9874deccd7afee3f05f7a53292eb0926b0c2f606deedf1f166f249699f8398609ad704c0c8853b534f8f046ab8735e31eef9adb4f466a6
  languageName: node
  linkType: hard

"safer-buffer@npm:^2.0.2, safer-buffer@npm:^2.1.0, safer-buffer@npm:~2.1.0":
  version: 2.1.2
  resolution: "safer-buffer@npm:2.1.2"
  checksum: a2a99c95c042a28c47e520238b03f58d13f2d5eaec3e46e2cf250c25e9436fa7b8298fdf5afa27d0481d6a061d213d4b42aa438731988fb038c375ec59a47e2a
  languageName: node
  linkType: hard

"scratch-repo@workspace:.":
  version: 0.0.0
  resolution: "scratch-repo@workspace:."
  dependencies:
    argon2: "npm:^0.21.0"
  languageName: unknown
  linkType: soft

"semver@npm:~5.3.0":
  version: 5.3.0
  resolution: "semver@npm:5.3.0"
  checksum: 27c4cfb765a0b531a4dbb475737ad62f6de4d67727b3e64fd177eb7cc348a62b26a02f227750073cdb2ca306267555fcc5f9460d2cbcbe4d4b12df6a3c903a85
  languageName: node
  linkType: hard

"set-blocking@npm:~2.0.0":
  version: 2.0.0
  resolution: "set-blocking@npm:2.0.0"
  checksum: 1d8d077bd4227bf634e9a440840ad55239dbe772255526b0232d8e0cf9fa438ce9faa352694be4675addfd8596caa466f15808706b26cdbe5ab05e0eef577fca
  languageName: node
  linkType: hard

"signal-exit@npm:^3.0.0":
  version: 3.0.2
  resolution: "signal-exit@npm:3.0.2"
  checksum: ce17937b1712ddb2e009347833bfe990d77d09d4b2fda9f017f655ff374c58c8a58ebcf6fdff211bbb7f14fae71c75d34a75f29583c3328d866c40798c225da1
  languageName: node
  linkType: hard

"sshpk@npm:^1.7.0":
  version: 1.16.1
  resolution: "sshpk@npm:1.16.1"
  dependencies:
    asn1: "npm:~0.2.3"
    assert-plus: "npm:^1.0.0"
    bcrypt-pbkdf: "npm:^1.0.0"
    dashdash: "npm:^1.12.0"
    ecc-jsbn: "npm:~0.1.1"
    getpass: "npm:^0.1.1"
    jsbn: "npm:~0.1.0"
    safer-buffer: "npm:^2.0.2"
    tweetnacl: "npm:~0.14.0"
  checksum: 7f99b8ed04e7b4c2e5f502a8bec29756c5e92e86c13975c82d0ddd9bffa95a7437b779a249cfdcbdcfecdcf083c2756ced594d70afe40ea0eaad4a94da55a44b
  languageName: node
  linkType: hard

"string-width@npm:^1.0.1, string-width@npm:^1.0.2 || 2":
  version: 1.0.2
  resolution: "string-width@npm:1.0.2"
  dependencies:
    code-point-at: "npm:^1.0.0"
    is-fullwidth-code-point: "npm:^1.0.0"
    strip-ansi: "npm:^3.0.0"
  checksum: 26db741e3acc0a01e37c6750a76d0020369857b0b24e83f424c97038db40f41134dbf1b606ea9feae18e8d33995832addb35897dc774d16d1c9b618884ef6110
  languageName: node
  linkType: hard

"string_decoder@npm:~1.1.1":
  version: 1.1.1
  resolution: "string_decoder@npm:1.1.1"
  dependencies:
    safe-buffer: "npm:~5.1.0"
  checksum: a1c856bded132ad306f859383cab0e806773c5dfc412c65e64c2f0bd14e54d474adb14b27cb1275ca0020c1cf10a9a839f5e9bb54eb9435db2b9e48940da5560
  languageName: node
  linkType: hard

"strip-ansi@npm:^3.0.0, strip-ansi@npm:^3.0.1":
  version: 3.0.1
  resolution: "strip-ansi@npm:3.0.1"
  dependencies:
    ansi-regex: "npm:^2.0.0"
  checksum: b310474d2c1a92cf0ac0462a8ffedb24966f23dbb9de9ae84bb84d718eb1dafaadf94d32daccc8eb7db372a5b9afff83829ecb705e73b414d6db688692264083
  languageName: node
  linkType: hard

"tar@npm:^2.0.0":
  version: 2.2.1
  resolution: "tar@npm:2.2.1"
  dependencies:
    block-stream: "npm:*"
    fstream: "npm:^1.0.2"
    inherits: "npm:2"
  checksum: 546099a08032cffe6cac65a6d489ced6eef7e77f2c9890c77e40c5072f5a68eb68a2a1b84bcdb458486b59cf87f34892fb3aadfef8cb16b049c196f744e99332
  languageName: node
  linkType: hard

"tough-cookie@npm:~2.4.3":
  version: 2.4.3
  resolution: "tough-cookie@npm:2.4.3"
  dependencies:
    psl: "npm:^1.1.24"
    punycode: "npm:^1.4.1"
  checksum: 6d6e4d6db18f8dac5afdb55fead8ca9724bbeb23a70d325e04b1b560b6ab39b8488ea3ddf515c957d2f43132678ddecd4f93124c5efea1c3276c4952d06fe37e
  languageName: node
  linkType: hard

"tunnel-agent@npm:^0.6.0":
  version: 0.6.0
  resolution: "tunnel-agent@npm:0.6.0"
  dependencies:
    safe-buffer: "npm:^5.0.1"
  checksum: 75c0457f2b757e2ee844167287c45081499e075f44bd2a26768bc419977515cbced2b103d6552d138c6bdf9f343337d77649d7f8da9d83d398dd71dcf8b4076a
  languageName: node
  linkType: hard

"tweetnacl@npm:^0.14.3, tweetnacl@npm:~0.14.0":
  version: 0.14.5
  resolution: "tweetnacl@npm:0.14.5"
  checksum: 67272393b3b000de10bd92b82079af7bbceb87bebd08fba3b7cc33c2b6a3636b7ae874fd0be43a8f914ef74e95c260bb45b6675da2a80c6bd621a4b7ffae9e38
  languageName: node
  linkType: hard

"uri-js@npm:^4.2.2":
  version: 4.2.2
  resolution: "uri-js@npm:4.2.2"
  dependencies:
    punycode: "npm:^2.1.0"
  checksum: a0b807df0112f8ce50de2d71ac9169092b992a1835cabe36d146bbb5ae9d56616ed73c1f3f06ace41e53f4da5108884c7393e162fd98e46a4f8393be9530f1ee
  languageName: node
  linkType: hard

"util-deprecate@npm:~1.0.1":
  version: 1.0.2
  resolution: "util-deprecate@npm:1.0.2"
  checksum: d2b75eadb7a74b5b5a4d7b715d30b7c4ede2642b31c26c8ed043b14880f3749dc347a147da9f419ec162625ba9164c53c8c6bdc6cd0ddbc3975c6860c64f1b1b
  languageName: node
  linkType: hard

"uuid@npm:^3.3.2":
  version: 3.3.2
  resolution: "uuid@npm:3.3.2"
  checksum: 5403d325c95f124506fb2fb31be566b8ee0eb94eef2d5620dd47bf5532b7cc2c5d90c7725bff98b18d971efe75fe994ac401dcfde713d1cfc8c6c6b6db30d084
  languageName: node
  linkType: hard

"verror@npm:1.10.0":
  version: 1.10.0
  resolution: "verror@npm:1.10.0"
  dependencies:
    assert-plus: "npm:^1.0.0"
    core-util-is: "npm:1.0.2"
    extsprintf: "npm:^1.2.0"
  checksum: bcc36524f8a3abe923d5b7360906110e20e15f2b4a0acad1e5c08a39e11c6c325fea3ff25a893ab0d84a9d7f46f4a8cb4b3fc508136633877351b374c3a5248e
  languageName: node
  linkType: hard

"which@npm:1":
  version: 1.3.1
  resolution: "which@npm:1.3.1"
  dependencies:
    isexe: "npm:^2.0.0"
  checksum: f827af47bbb2d8c29c9aec65cf11860a9cfb66ec03d1c4ee1d5bb1738cddde9e91418099fabfffcb4f3be1b6ca13c7c5c31f825f8ca5bee97a52ca2c1bc49afe
  languageName: node
  linkType: hard

"wide-align@npm:^1.1.0":
  version: 1.1.3
  resolution: "wide-align@npm:1.1.3"
  dependencies:
    string-width: "npm:^1.0.2 || 2"
  checksum: c6d8ef13beb3668e705724629c2a65be6dc59aa698f71fe37a1a760eaf75dd45e1a5bc09460c5d36d8a708e9b8e6721326d829b9ec2f5a3ce207c14442d90ca2
  languageName: node
  linkType: hard

"wrappy@npm:1":
  version: 1.0.2
  resolution: "wrappy@npm:1.0.2"
  checksum: 78cf638e62da944f0ec1f0dffe1f99148e33e7908e92a2b717a0e97bcacd58033726b875bc6de4a05b206df6713c9f4d81b98a6f60ee4ac019d8b14a57772df0
  languageName: node
  linkType: hard
