# This file is generated by running "berry install" inside your project.
# Manual changes might be lost - proceed with caution!

__metadata:
  version: 2

"abbrev@npm:1":
  version: 1.1.1
  resolution: "abbrev@npm:1.1.1"
  checksum: 352650526abe34478a14d203637014b4174393d8b16a15dcc0bab095b898de3b9d1ede0c2c6d7552fe9f46fa30b0c4666031719e980d179d338e44fc60204f6a
  languageName: node
  linkType: hard

"ajv@npm:^6.5.5":
  version: 6.10.0
  resolution: "ajv@npm:6.10.0"
  dependencies:
    fast-deep-equal: "npm:^2.0.1"
    fast-json-stable-stringify: "npm:^2.0.0"
    json-schema-traverse: "npm:^0.4.1"
    uri-js: "npm:^4.2.2"
  checksum: 0bec05bb4bea2c3b515039759cc0d2b39b94e6af1fb17f1950d350836b61ab416d76cfe04f46e19b43a586f84ca1f0b8d8933847ea33c976327bb7dd8f3f49c9
  languageName: node
  linkType: hard

"ansi-regex@npm:^2.0.0":
  version: 2.1.1
  resolution: "ansi-regex@npm:2.1.1"
  checksum: a54a2f71b1f8e9470d482fe46cb4429d4a322b65b343bf7fe7609673ae2722a349ab4979482314d77601847b2914e3b3db1559b746131610840dfc6ed5c2af56
  languageName: node
  linkType: hard

"aproba@npm:^1.0.3":
  version: 1.2.0
  resolution: "aproba@npm:1.2.0"
  checksum: ccc14d7fc4d1c5f405120d48e9676e054fa0ee86397a8c71d1ca40978528da82252cb07e1ba79c71ff8b882a4fadde79e1152df5d7bc6c7ccb6f31081390e1e5
  languageName: node
  linkType: hard

"are-we-there-yet@npm:~1.1.2":
  version: 1.1.5
  resolution: "are-we-there-yet@npm:1.1.5"
  dependencies:
    delegates: "npm:^1.0.0"
    readable-stream: "npm:^2.0.6"
  checksum: dae890bf8ef9f3f45be7387cfd8b38326b329f3e52f497c71cbfaa5a7b3e3dde4663a07de23cd93aa9ac1fb343255b3b0ba69ce80370e28ebf44342b45aedfcf
  languageName: node
  linkType: hard

"asn1@npm:~0.2.3":
  version: 0.2.4
  resolution: "asn1@npm:0.2.4"
  dependencies:
    safer-buffer: "npm:~2.1.0"
  checksum: 158a183c2ad92f89e1ae1ab7d6980b5262356fcc1fd15f88c30146ac0fd49051a7ce8bd547faa0225df46100f4c58e7075fd896ba4d589786548a6f3e5c883a1
  languageName: node
  linkType: hard

"assert-plus@npm:1.0.0, assert-plus@npm:^1.0.0":
  version: 1.0.0
  resolution: "assert-plus@npm:1.0.0"
  checksum: 8c430472b264895c7ed841e74537a62b1969b5f9016ade5afb0b1cbfe2b5829b872869653944e1675b961871d463992c386b130453086dc252ef5b1e5b3a2dfb
  languageName: node
  linkType: hard

"asynckit@npm:^0.4.0":
  version: 0.4.0
  resolution: "asynckit@npm:0.4.0"
  checksum: 95ed2372c63ccf252838a60fa25a853c01f6cf7d2b02ac958c0b01b51d54c8d196517af197849dd29f106315746fa76fdc814479dc93c60eed498cf9689a62d5
  languageName: node
  linkType: hard

"aws-sign2@npm:~0.7.0":
  version: 0.7.0
  resolution: "aws-sign2@npm:0.7.0"
  checksum: bd6377bdd7f76b3e6508efdcded6158e916c5f785329038d1a56f383b67ccac4fc2ba35567d56eab962ccbb3f379c2e1bd569be3e1ab7acc1f370a705c3d0782
  languageName: node
  linkType: hard

"aws4@npm:^1.8.0":
  version: 1.8.0
  resolution: "aws4@npm:1.8.0"
  checksum: 5d76e563e0713fac970008a2c501624d364751f6a9a2f41062e7e50ecff51217f4c2314adc0602322c16fb5f74a424c224c051ccc899d594fcec7dd93cd7c3c9
  languageName: node
  linkType: hard

"balanced-match@npm:^1.0.0":
  version: 1.0.0
  resolution: "balanced-match@npm:1.0.0"
  checksum: c2f72097022843819500c738cce3dd999bef7caf1c6ed507a59d30768a10048acda76cb2074ae7f97e271a2d5f669d0b88474120daa94fc2f2650c6a9cd3c3e3
  languageName: node
  linkType: hard

"bcrypt-pbkdf@npm:^1.0.0":
  version: 1.0.2
  resolution: "bcrypt-pbkdf@npm:1.0.2"
  dependencies:
    tweetnacl: "npm:^0.14.3"
  checksum: 691000c608f05c0d8023030114199eb646a3056df4a2700c248088b9ca5eade801b0bcd01176733ec05f95e617aa415edd36cf5caa42bdf4b3e4d70265aa5c1d
  languageName: node
  linkType: hard

"brace-expansion@npm:^1.1.7":
  version: 1.1.11
  resolution: "brace-expansion@npm:1.1.11"
  dependencies:
    balanced-match: "npm:^1.0.0"
    concat-map: "npm:0.0.1"
  checksum: 132a4f598f5c0ddbd449337986303075b720636a46be1fac1d5fcc19dd7d51bde53153c71637df60c721468e06f11353aef3a96735c72fc4c88987cf395322af
  languageName: node
  linkType: hard

"caseless@npm:~0.12.0":
  version: 0.12.0
  resolution: "caseless@npm:0.12.0"
  checksum: 49edcb24edabc61355bd212a72b8aded9dc5aac9bff2a9b0494d4dfb230162696421202fce920f05507980911ee32447e85c59cf66246d3b811051c836f4194d
  languageName: node
  linkType: hard

"chownr@npm:^1.1.1":
  version: 1.1.1
  resolution: "chownr@npm:1.1.1"
  checksum: da0b3aa58017c88571a4591e5f3207790baeb5960916d2ec266fa3456510dad4542b1161b65a2bdf8aeac86c22ddce5877f2809c5502c4fd8b17f4f26e9aedf5
  languageName: node
  linkType: hard

"code-point-at@npm:^1.0.0":
  version: 1.1.0
  resolution: "code-point-at@npm:1.1.0"
  checksum: 955d5afef9e15619544a95cc0e4ba5c845c960ff598edca5e724d0e0cd7a06758e5bd745c847ef39d10400de478dd888725c727687f27390322fadc5897d3e3f
  languageName: node
  linkType: hard

"combined-stream@npm:^1.0.6, combined-stream@npm:~1.0.6":
  version: 1.0.7
  resolution: "combined-stream@npm:1.0.7"
  dependencies:
    delayed-stream: "npm:~1.0.0"
  checksum: f7fe8f03f0a857c94031403c10f5c6d55f7db15b784c2000dc7464232f9912f4473b97d96b7b6acd93aad004d1747d2652c9ed490a41206b91e19236aaa8590f
  languageName: node
  linkType: hard

"concat-map@npm:0.0.1":
  version: 0.0.1
  resolution: "concat-map@npm:0.0.1"
  checksum: 0663d4c0ffc5a7704f26c70c12514a92ebaf0af4c2a797fd076f9eeb7c4cf962b3ef13a21b2f7106d4dbf34a9919c6853df942b961737bc1568ca2c987179393
  languageName: node
  linkType: hard

"console-control-strings@npm:^1.0.0, console-control-strings@npm:~1.1.0":
  version: 1.1.0
  resolution: "console-control-strings@npm:1.1.0"
  checksum: abbad099496abfd89ff21dc5a492152b2456372f277582ac1f3207c9ab4a245651597b5723e027bda97ee9c52dc5c48f50b62530c8b89dc4f6b626c307ee3ef4
  languageName: node
  linkType: hard

"core-util-is@npm:1.0.2, core-util-is@npm:~1.0.0":
  version: 1.0.2
  resolution: "core-util-is@npm:1.0.2"
  checksum: 8920bdd532d675e2f817796f30ca2f200f757a0de3d2bfc6a6fa22652a792fc0c40744887c47d9be9dccd38c1d97ea81052496cea3a5bbaaab7bf4526f9e1fc9
  languageName: node
  linkType: hard

"dashdash@npm:^1.12.0":
  version: 1.14.1
  resolution: "dashdash@npm:1.14.1"
  dependencies:
    assert-plus: "npm:^1.0.0"
  checksum: 4a511a565473c4dd74b9ae7465726850a19875300d9e58d51373d3bf59ec4a67497952c3f56b35d99348d904a642c9152a8fd665cef26371dffa6ec3ac0386f9
  languageName: node
  linkType: hard

"debug@npm:^2.1.2":
  version: 2.6.9
  resolution: "debug@npm:2.6.9"
  dependencies:
    ms: "npm:2.0.0"
  checksum: 4b23d900491da61b1d8cf27c8e895551b0e90972164bbaca7cb15e05d52ed65f9b0b020fa93a6f5a3ce5fbf250d8fadd0f07d4eb2561fde6e5d5c00865e40256
  languageName: node
  linkType: hard

"deep-extend@npm:^0.6.0":
  version: 0.6.0
  resolution: "deep-extend@npm:0.6.0"
  checksum: 62905a07e9226a9acb3d2c62a532db18bd986adfac9e8c5e480a5b969b41ebdf186e73cc93f03b37fb9d437a590708db7b597c34b72551ae1e8929f1263df4f6
  languageName: node
  linkType: hard

"delayed-stream@npm:~1.0.0":
  version: 1.0.0
  resolution: "delayed-stream@npm:1.0.0"
  checksum: 10cd8817d0e3179ca5072b1b42fd4e77e40202148bc27b630fb6a9bd7c865c69693bd16e841bf977784acb1f880b3b78e75bbe4defc0e0db7be9dde72e4f3f09
  languageName: node
  linkType: hard

"delegates@npm:^1.0.0":
  version: 1.0.0
  resolution: "delegates@npm:1.0.0"
  checksum: 97d6be6d81a15f2c396b3019b805c66e3b4c41683f868d46ad7271b0d491998da429ad1888a4fe8a92205fb308bfe4d89bf74affeedc99f21a02da6f3d297d7d
  languageName: node
  linkType: hard

"detect-libc@npm:^1.0.2":
  version: 1.0.3
  resolution: "detect-libc@npm:1.0.3"
  checksum: 9afe841fcc50e399012da24cdd7616c33d3f55820660773d6b3ac6a79d5e16b1a8c47d1e8a565da17d90e02f265811de14196e5e73ce5721733f2be612f888f4
  languageName: node
  linkType: hard

"ecc-jsbn@npm:~0.1.1":
  version: 0.1.2
  resolution: "ecc-jsbn@npm:0.1.2"
  dependencies:
    jsbn: "npm:~0.1.0"
    safer-buffer: "npm:^2.1.0"
  checksum: bbadee9d1fa0bd748f23f9e9b2d69797c8b314990cc2b6e49532bc3eb47b6538d3c34bd27dc77e992eaea0316f0564faf4b947872f676e33e1f29ddc4d89668d
  languageName: node
  linkType: hard

"extend@npm:~3.0.2":
  version: 3.0.2
  resolution: "extend@npm:3.0.2"
  checksum: 744c91a793df2439c286352702398753730364791fb58181d574db60e23b97bb32ea5df557cba1e6231c05435d2cd1018a2c25891bba4ede482bbd583649b017
  languageName: node
  linkType: hard

"extsprintf@npm:1.3.0, extsprintf@npm:^1.2.0":
  version: 1.3.0
  resolution: "extsprintf@npm:1.3.0"
  checksum: fc2d443ade088821ce266a5f8821d804ddd739d6f7494c07d2345276fd7104ab3d2f7f88a1d753c07621bf43b210f46a0ec1892dec5813ead41e836f5b698f86
  languageName: node
  linkType: hard

"fast-deep-equal@npm:^2.0.1":
  version: 2.0.1
  resolution: "fast-deep-equal@npm:2.0.1"
  checksum: 298d4a217989e6ad4744f2cdc4784764e9ea91bee9a17b349ef4b84bab58a31fe8933f4d317e329aa67346ae39b2ab189d7694746bb62deaf9f9b73219d6a121
  languageName: node
  linkType: hard

"fast-json-stable-stringify@npm:^2.0.0":
  version: 2.0.0
  resolution: "fast-json-stable-stringify@npm:2.0.0"
  checksum: d36df916f87a4cfc40d64d99c50f9fd549a6433ef624dbc9f611717c8a8fe9de9ca437d233e191302d056f4d372ed0fe4baed32b66fcea33dda12840186993e5
  languageName: node
  linkType: hard

"forever-agent@npm:~0.6.1":
  version: 0.6.1
  resolution: "forever-agent@npm:0.6.1"
  checksum: 919be24eda2ac07f2b20d68d829936f2ba52891b12959906639577e54d32e8bde1980b011dafc3415c9b7bc582c7b31ce0ca96128274c9786f7dd8a8d12e2080
  languageName: node
  linkType: hard

"form-data@npm:~2.3.2":
  version: 2.3.3
  resolution: "form-data@npm:2.3.3"
  dependencies:
    asynckit: "npm:^0.4.0"
    combined-stream: "npm:^1.0.6"
    mime-types: "npm:^2.1.12"
  checksum: 236d8504a36cb558085a9d06539fedacdb6a48ed78c156a58737acb2345923599ad71436cf2d04d1efbb55627f1838fda2670482a25ab068b8ec88ae6806e03b
  languageName: node
  linkType: hard

"fs-minipass@npm:^1.2.5":
  version: 1.2.5
  resolution: "fs-minipass@npm:1.2.5"
  dependencies:
    minipass: "npm:^2.2.1"
  checksum: ca92c3c74497419939fefef0f43cfe62cf9c339ceafbe82720fdcf0659f75f72845f75ca33e866b455cfd4e41e82a228e1865511c0d91b049cf9108b35bc6961
  languageName: node
  linkType: hard

"fs.realpath@npm:^1.0.0":
  version: 1.0.0
  resolution: "fs.realpath@npm:1.0.0"
  checksum: c347e4dde04978a7cdccc0172054de3eeb1a2953a1e0f2a0c9c08b5e37c213ec4e7ac72699371be07a6dd3fea6dcb50fe2c4638bafba94fc39e88884b39ee33a
  languageName: node
  linkType: hard

"gauge@npm:~2.7.3":
  version: 2.7.4
  resolution: "gauge@npm:2.7.4"
  dependencies:
    aproba: "npm:^1.0.3"
    console-control-strings: "npm:^1.0.0"
    has-unicode: "npm:^2.0.0"
    object-assign: "npm:^4.1.0"
    signal-exit: "npm:^3.0.0"
    string-width: "npm:^1.0.1"
    strip-ansi: "npm:^3.0.1"
    wide-align: "npm:^1.1.0"
  checksum: f06b91727701dcb2455881967047ccd8770c055abd2fcf00de144219ed4855d958cac59a47dc28b4420f7d308fd4d4070ca1f0aee1420ef11d370db64196a207
  languageName: node
  linkType: hard

"getpass@npm:^0.1.1":
  version: 0.1.7
  resolution: "getpass@npm:0.1.7"
  dependencies:
    assert-plus: "npm:^1.0.0"
  checksum: 500405f605c698e999cbf7e1f3e808fb9ff5dbbd8a045a8a3bed7f11d0961e6cbe96eafe9f177513c407bf68d966f5652aee5bfd14edd83f1446ca5441f62e46
  languageName: node
  linkType: hard

"glob@npm:^7.1.3":
  version: 7.1.3
  resolution: "glob@npm:7.1.3"
  dependencies:
    fs.realpath: "npm:^1.0.0"
    inflight: "npm:^1.0.4"
    inherits: "npm:2"
    minimatch: "npm:^3.0.4"
    once: "npm:^1.3.0"
    path-is-absolute: "npm:^1.0.0"
  checksum: 5d50a6495b5900708368b2edf37c4606363ad228e3dfa3967d5173ee3d1c6a8c0f4c2c65b3a06296598448190b729ca022f322c40a142486d1b7661e4ba2bdfd
  languageName: node
  linkType: hard

"har-schema@npm:^2.0.0":
  version: 2.0.0
  resolution: "har-schema@npm:2.0.0"
  checksum: 818edd304ec55a56b87e6896ed181b41d35ab6bf96250a005efa85995997cf4b444c65652a10e4167df2fb18ece79b3cc2656898e2f74c67dd2a1bda00781c76
  languageName: node
  linkType: hard

"har-validator@npm:~5.1.0":
  version: 5.1.3
  resolution: "har-validator@npm:5.1.3"
  dependencies:
    ajv: "npm:^6.5.5"
    har-schema: "npm:^2.0.0"
  checksum: 5bfd6ecad024816a718382fff9d0fdfc1d08fdfcd4e7f781adaa34a084d9c578245c8fcd3bb66aed42c4d695287a8220355d3534ab121d285f58358cd6a022ed
  languageName: node
  linkType: hard

"has-unicode@npm:^2.0.0":
  version: 2.0.1
  resolution: "has-unicode@npm:2.0.1"
  checksum: e1db9e54bd7669f9a2f5f2adcfeafc383a62ecce41b312afe6dc4da8e2115fe92850cabdb4765613df51711d11a3e5979c732c36c689db474ca38c5760d25543
  languageName: node
  linkType: hard

"http-signature@npm:~1.2.0":
  version: 1.2.0
  resolution: "http-signature@npm:1.2.0"
  dependencies:
    assert-plus: "npm:^1.0.0"
    jsprim: "npm:^1.2.2"
    sshpk: "npm:^1.7.0"
  checksum: 8b9f818e7cb7db58fcde65b24d517ad8695603d20a13eaa36a0acd2fe3984e7b5b4003b835bd07a44b04ba44136d6e2ae7c1e4ff942aadbb16d1bd19fc2853dc
  languageName: node
  linkType: hard

"iconv-lite@npm:^0.4.4":
  version: 0.4.24
  resolution: "iconv-lite@npm:0.4.24"
  dependencies:
    safer-buffer: "npm:>= 2.1.2 < 3"
  checksum: 923fc117efc634fb340b2918ebba11a563be3c6ea3a554c9cddb8d40830803514e23552ad28b8aebc5731e2d451d7087b77beb64bf7216054cd3a8a04c6a1c20
  languageName: node
  linkType: hard

"ignore-walk@npm:^3.0.1":
  version: 3.0.1
  resolution: "ignore-walk@npm:3.0.1"
  dependencies:
    minimatch: "npm:^3.0.4"
  checksum: 04c9125aad2e45637d1b421c4c3a672f35ff9a666d7ddb1aaf81210554ea53d61c4ca748346ba5e3ed3cde99bf910ebd81d96ca0550928cf1a05819f00f47215
  languageName: node
  linkType: hard

"inflight@npm:^1.0.4":
  version: 1.0.6
  resolution: "inflight@npm:1.0.6"
  dependencies:
    once: "npm:^1.3.0"
    wrappy: "npm:1"
  checksum: 644d188a437709323bb430288acf6a604db899e5bf4ae5ce0bbd39b986275b0a68e45a9b018644d172ad9ede4c6c8b43947624fcde55af228a4a68a97f647746
  languageName: node
  linkType: hard

"inherits@npm:2, inherits@npm:~2.0.3":
  version: 2.0.3
  resolution: "inherits@npm:2.0.3"
  checksum: 2451e539543d068b9ccfb4d8f7df8a2d82438499dde2724544224947b3cfb2fdd21daeeba262c3df4db4a13e3fc7f3ab62eb07926f6fed6632fa5980c904d11d
  languageName: node
  linkType: hard

"ini@npm:~1.3.0":
  version: 1.3.5
  resolution: "ini@npm:1.3.5"
  checksum: 149c20469a45114ee1fc4e908e6567643a4a56594b91578da949f209207f3e58ad0c887c3b6aa36000b50820187b384522527d0fa686a6e704aa82bb4aa628d0
  languageName: node
  linkType: hard

"is-fullwidth-code-point@npm:^1.0.0":
  version: 1.0.0
  resolution: "is-fullwidth-code-point@npm:1.0.0"
  dependencies:
    number-is-nan: "npm:^1.0.0"
  checksum: dffe131634413153d25362ce8e932fd26f54e4cdaac785b88bf351c5657b2d7cca23697eabef43fcef257cdccf4c818f4a9804cf92f2ad4273f624d30e1586ea
  languageName: node
  linkType: hard

"is-typedarray@npm:~1.0.0":
  version: 1.0.0
  resolution: "is-typedarray@npm:1.0.0"
  checksum: 3c7401bf90d1e5d13417d27014aa43d233d0e42d523f54edc7c32d0f3a5da6f4673b32563bd4fd826a854201583c5140a3e2d8f7c413f4bad85d4492409aca1f
  languageName: node
  linkType: hard

"isarray@npm:~1.0.0":
  version: 1.0.0
  resolution: "isarray@npm:1.0.0"
  checksum: 915a42f9b0febbc3a141e5209dfec3d5c7893d77f7d4320fc7469c597da77d95b0b0d5e941dc2ba3f51757a21fbcaa4e0b13e16e80c208237815723dd9f2fbc0
  languageName: node
  linkType: hard

"isstream@npm:~0.1.2":
  version: 0.1.2
  resolution: "isstream@npm:0.1.2"
  checksum: 89cfb73d73a6f2735818b5d57deaae03da7e566ffdbe9fa2b32f5bb3b2174902182d7720a0b1f1d98c805d061ca394c0d6946b692837b583fe08f941c56fd87a
  languageName: node
  linkType: hard

"jsbn@npm:~0.1.0":
  version: 0.1.1
  resolution: "jsbn@npm:0.1.1"
  checksum: eb1ce78d58561020867096ef206daa2a9aff3facd18a3190906fa8b82e7c29a5535e70abe35ffe338a3ff2ee1da3d2b6ddbf67e7ed673236a3b2459450eefd77
  languageName: node
  linkType: hard

"json-schema-traverse@npm:^0.4.1":
  version: 0.4.1
  resolution: "json-schema-traverse@npm:0.4.1"
  checksum: dd5cfd7b65f2470fdc2228508fb61766329c86826c16b7d46a54f27ba8f49770a92ee5ae10a342b9aca2dc0e1f3cb9e4d64819aa70bd1c22fa9a137ddffa93dc
  languageName: node
  linkType: hard

"json-schema@npm:0.2.3":
  version: 0.2.3
  resolution: "json-schema@npm:0.2.3"
  checksum: 8f3ecdd77705bac1cf994561d4d99b55d8af515a844e42c54a51f3a85ad0caf9b505840ddd9eb51b42c9550d8e4394461e75bed5bb5e9917ff4614c38cd59259
  languageName: node
  linkType: hard

"json-stringify-safe@npm:~5.0.1":
  version: 5.0.1
  resolution: "json-stringify-safe@npm:5.0.1"
  checksum: bde8f29946f4fc71c7a3ce8ec413de796f07b3e4ab2b58b251ea41d25d08c3ef19c76faee8378cf6a75fdf350646383a04ff9f14721754a1a9ca3109757f46a2
  languageName: node
  linkType: hard

"jsprim@npm:^1.2.2":
  version: 1.4.1
  resolution: "jsprim@npm:1.4.1"
  dependencies:
    assert-plus: "npm:1.0.0"
    extsprintf: "npm:1.3.0"
    json-schema: "npm:0.2.3"
    verror: "npm:1.10.0"
  checksum: 4d44ee5918901137cb18461d77225533cf3441e5e5951a731d7c6672f5f2458755ec23dd188cd55e38987bdbac72eb9531d0e77de84c3328e962da86157ec7b3
  languageName: node
  linkType: hard

"mime-db@npm:~1.38.0":
  version: 1.38.0
  resolution: "mime-db@npm:1.38.0"
  checksum: 6cab47ba2375bbbd27ff46395b3b79cc109e8c619e6b78c79135c89996585a2d53f2e816dd40ebab3dd17cd4166f38fc46b0aa646ba146b84af0aa9f80f95763
  languageName: node
  linkType: hard

"mime-types@npm:^2.1.12, mime-types@npm:~2.1.19":
  version: 2.1.22
  resolution: "mime-types@npm:2.1.22"
  dependencies:
    mime-db: "npm:~1.38.0"
  checksum: 092dcc0eac71f3812212a31165370800627817c3d541dc0a780a6b986da4a64b5640756cf8f32663f7f2b9349f6cea525883aa5c6a3d9f2e4b8ce70b3a1f193d
  languageName: node
  linkType: hard

"minimatch@npm:^3.0.4":
  version: 3.0.4
  resolution: "minimatch@npm:3.0.4"
  dependencies:
    brace-expansion: "npm:^1.1.7"
  checksum: b3e2df6aeb9e0442642ca763832b2acfe67727c383f4093765271694b71d25ecdb75a925a754c6d275e644bc8e1599d86944b7afe66e927985ed75705f5f7c32
  languageName: node
  linkType: hard

"minimist@npm:0.0.8":
  version: 0.0.8
  resolution: "minimist@npm:0.0.8"
  checksum: ab606ac6da880d02587db623d3c342938e493ac598cbdbc7c414a5d75feb81f4fb1e627b738b12bc7a312cc722687e8e68ea3f839fa9811bef8f8a7a835ef06b
  languageName: node
  linkType: hard

"minimist@npm:^1.2.0":
  version: 1.2.0
  resolution: "minimist@npm:1.2.0"
  checksum: 6641157c44171af0ae2ba95b8ba9b0b2009a248827bb3e3b6f68d58d9954ef17cfb2c9ec4fef745d11c2730678d2ab8494f4ffdecc75955421596353a741e8ac
  languageName: node
  linkType: hard

"minipass@npm:^2.2.1, minipass@npm:^2.3.4":
  version: 2.3.5
  resolution: "minipass@npm:2.3.5"
  dependencies:
    safe-buffer: "npm:^5.1.2"
    yallist: "npm:^3.0.0"
  checksum: a17da5962605c06288d8ce9f64182bd5ab4db237fd7129889570da0fbee7bce79ecb10887a8c774048addfa1bfaf1df9b2ee45f2ff41952cd1ff1bc51b3c2403
  languageName: node
  linkType: hard

"minizlib@npm:^1.1.1":
  version: 1.2.1
  resolution: "minizlib@npm:1.2.1"
  dependencies:
    minipass: "npm:^2.2.1"
  checksum: d07445dfb5c0e40fae2aacf816ce16a24a622f8b58cbb160982e9bfab58b5c2ba076be97ccc1a15adfcc765b911a9087e268716a11fab62901f482267369a682
  languageName: node
  linkType: hard

"mkdirp@npm:^0.5.0, mkdirp@npm:^0.5.1":
  version: 0.5.1
  resolution: "mkdirp@npm:0.5.1"
  dependencies:
    minimist: "npm:0.0.8"
  checksum: 22b29bb9f7c45f049925fd0b670592e58783f693ec557d0f7754015173684cdfa5ddb2fa349177acd3df906794f08d189241b36058a0e3b8887c4e7ff5f6d114
  languageName: node
  linkType: hard

"ms@npm:2.0.0":
  version: 2.0.0
  resolution: "ms@npm:2.0.0"
  checksum: f96618ad1189d0e919c910d9ed081a90610e4c74b90000ad3bc76e2c75e1a567668b9f050b5bdfe2dff000f1914fc06097d9c9a906318098a93a6021809ae118
  languageName: node
  linkType: hard

"nan@npm:~2.10.0":
  version: 2.10.0
  resolution: "nan@npm:2.10.0"
  checksum: a6bbd295b5b450d88e98ba7359ff35486eabbd401f8e51de6bae9f5af527ceeebf7c736d08939253a38a3492fc4893907e88552808fa65e08c1827dbd5f6569b
  languageName: node
  linkType: hard

"needle@npm:^2.2.1":
  version: 2.2.4
  resolution: "needle@npm:2.2.4"
  dependencies:
    debug: "npm:^2.1.2"
    iconv-lite: "npm:^0.4.4"
    sax: "npm:^1.2.4"
  checksum: e4ef609791b690acad29893f9816a4b4d03ba7c09677ceb1c3a1dd0e9775c334fd1faac7b9a239b0f76067ecb59b7032e8d4b5561530e95b0624058bc65fbd3e
  languageName: node
  linkType: hard

"node-pre-gyp@npm:^0.11.0":
  version: 0.11.0
  resolution: "node-pre-gyp@npm:0.11.0"
  dependencies:
    detect-libc: "npm:^1.0.2"
    mkdirp: "npm:^0.5.1"
    needle: "npm:^2.2.1"
    nopt: "npm:^4.0.1"
    npm-packlist: "npm:^1.1.6"
    npmlog: "npm:^4.0.2"
    rc: "npm:^1.2.7"
    rimraf: "npm:^2.6.1"
    semver: "npm:^5.3.0"
    tar: "npm:^4"
  checksum: f356fa415885a405f7b5bbaa06a710ea869ea22737ac741b4916f08d7f84f702cd271b0a3663d9ed356173ed745ff280fd326ce5a8d4ce44bb3f388c5dd2851d
  languageName: node
  linkType: hard

"nopt@npm:^4.0.1":
  version: 4.0.1
  resolution: "nopt@npm:4.0.1"
  dependencies:
    abbrev: "npm:1"
    osenv: "npm:^0.1.4"
  checksum: 9c7776dcc561a6818ac256d8f6cfb00323163131315a90a3a9de528f76f8fe87bf64c9a43ef7f22cc384c509b5dbcb788dc2d6a1ae65867ab3a64c7a4a300ca0
  languageName: node
  linkType: hard

"npm-bundled@npm:^1.0.1":
  version: 1.0.6
  resolution: "npm-bundled@npm:1.0.6"
  checksum: a7e0bdfb3e1192b63f2f1e9e984a5711b95b2c208b40b1355ee87b350ba2b623ae2c944a9124c3badf74e665e854a38367e0e7c22db17c971fab6113b9fab46c
  languageName: node
  linkType: hard

"npm-packlist@npm:^1.1.6":
  version: 1.4.1
  resolution: "npm-packlist@npm:1.4.1"
  dependencies:
    ignore-walk: "npm:^3.0.1"
    npm-bundled: "npm:^1.0.1"
  checksum: c693619d489693610f581fd3c35442443785e4e827212d164fc579553654b6ffa4e0cfa58385eb7d8a70e1abf9295926b4c5fbfb4e56f8a622db67669266666d
  languageName: node
  linkType: hard

"npmlog@npm:^4.0.2":
  version: 4.1.2
  resolution: "npmlog@npm:4.1.2"
  dependencies:
    are-we-there-yet: "npm:~1.1.2"
    console-control-strings: "npm:~1.1.0"
    gauge: "npm:~2.7.3"
    set-blocking: "npm:~2.0.0"
  checksum: b3853a4c0b43ffa7e2458e1f8284a63b5f6105415d503bc946ae84f96ed137c9698cc518d2d4959d28f3a4b8e2a9671420c7dcbfe4a942f1108c3a382e3ee082
  languageName: node
  linkType: hard

"number-is-nan@npm:^1.0.0":
  version: 1.0.1
  resolution: "number-is-nan@npm:1.0.1"
  checksum: d2a4f77520966dc4b863fa4aa824fa41ccd8ff0661b0045f2a7b0f46852daee37e5ba02377e1a77d8c033ae77848a67abc76f9384de2ee7601b204417ce889ae
  languageName: node
  linkType: hard

"oauth-sign@npm:~0.9.0":
  version: 0.9.0
  resolution: "oauth-sign@npm:0.9.0"
  checksum: 9119070fb66eee3e9bd77cac8543486292375d093ca6d4d0f8c343549947da6926c80cc51ec24e9c09ff1e1d645ad9cc7e88ee1a70cc9fff36b4cd55074a5798
  languageName: node
  linkType: hard

"object-assign@npm:^4.1.0":
  version: 4.1.1
  resolution: "object-assign@npm:4.1.1"
  checksum: 60246a0cb2656130e48bdd437391041a0e8f409de6b10f9f438743ba1f7233e04c815caff2a1aa133c6aa74dfc686c847f95355e0ba3d08691efecb8ca68712e
  languageName: node
  linkType: hard

"once@npm:^1.3.0":
  version: 1.4.0
  resolution: "once@npm:1.4.0"
  dependencies:
    wrappy: "npm:1"
  checksum: c724e5b51968f5574185ca9342abd2b850becb56f8164b570acb98b379eb2b7a0b90e4b82a886a1c2c924b8c5d1804b365c7d3b8e8283632c84c37ddb1bc7963
  languageName: node
  linkType: hard

"os-homedir@npm:^1.0.0":
  version: 1.0.2
  resolution: "os-homedir@npm:1.0.2"
  checksum: df3840bd31fe6d64d5dd3fff8d370e861ddc8e591b4b50e844593cc981508828e81d9a02f7a4faa43e8f0d58fe1951511769084523000dca41633b5b01631be1
  languageName: node
  linkType: hard

"os-tmpdir@npm:^1.0.0":
  version: 1.0.2
  resolution: "os-tmpdir@npm:1.0.2"
  checksum: f28ac9e1e4860f7352c1a2dcd462e72dc07d146603ae1557d0bb02a81afcfc1fad6785fd22117bf1e5bc9c9e8d9de25128350158ccd0e72747e3fd9d0fcd7e2f
  languageName: node
  linkType: hard

"osenv@npm:^0.1.4":
  version: 0.1.5
  resolution: "osenv@npm:0.1.5"
  dependencies:
    os-homedir: "npm:^1.0.0"
    os-tmpdir: "npm:^1.0.0"
  checksum: 2dc17d9b6277bd093ba1574514a9cc5d79825945bb7b6a8b3524a91ae339147b7a9bb55b052dfe2fb139a1ad1056c12228b3a43bcdf727ddd5006fea5008340e
  languageName: node
  linkType: hard

"path-is-absolute@npm:^1.0.0":
  version: 1.0.1
  resolution: "path-is-absolute@npm:1.0.1"
  checksum: edcd917e0d85b74ea02cfd27fdc9bfe269cb60f732ec09b751614d535864cdeb2fd4bf4af870755499a7fa5dbf917904555d423a0182487be9a18f16ea78a14d
  languageName: node
  linkType: hard

"performance-now@npm:^2.1.0":
  version: 2.1.0
  resolution: "performance-now@npm:2.1.0"
  checksum: 660984fdac99f3db92bb0665eb4740f03ff0266af1fefe49865b41d95288e19b759489c120d65191124721097f6221ff8248da108d5cba2e80820784b76fa222
  languageName: node
  linkType: hard

"process-nextick-args@npm:~2.0.0":
  version: 2.0.0
  resolution: "process-nextick-args@npm:2.0.0"
  checksum: 7c1cca766872e382f09a2461d61eccc1f74291798ec54be14e87d3fceabf5113b917eaf368e4a44b6ab114c55ec9c330155c4992b6cb392a4093b9571d270eba
  languageName: node
  linkType: hard

"psl@npm:^1.1.24":
  version: 1.1.31
  resolution: "psl@npm:1.1.31"
  checksum: 0bad18c24a731512cf9162e7d94ab770e1e842b91c908a3e569ad599c0c4cee17937336a0323889b860c8e1205692c981a009030f4131693e310f775a8750f5a
  languageName: node
  linkType: hard

"punycode@npm:^1.4.1":
  version: 1.4.1
  resolution: "punycode@npm:1.4.1"
  checksum: 74718e8776eed37d80244121722d748cb64578635f748b4ed5176a3136583200190af50f62e523927081f0415afd1cbf0812dc9ba2bede3a5274c9e947f1b17e
  languageName: node
  linkType: hard

"punycode@npm:^2.1.0":
  version: 2.1.1
  resolution: "punycode@npm:2.1.1"
  checksum: 1d599dc7bcaad940e1cb207f6a46d1a543fea9af047c298f3d0a5c4847574a5858827f3b7d95354ecd07f558216ff3ee3f590ef5f3a337133e512e238069e6b4
  languageName: node
  linkType: hard

"qs@npm:~6.5.2":
  version: 6.5.2
  resolution: "qs@npm:6.5.2"
  checksum: ef46ba999a2b140b298e65369a078e4eba3a8bd198ef17b28ba63f67608e95be4b361b166e07291e864ab7b3c809e2cd4286be6298bdc495f9f2482bc98c65ea
  languageName: node
  linkType: hard

"rc@npm:^1.2.7":
  version: 1.2.8
  resolution: "rc@npm:1.2.8"
  dependencies:
    deep-extend: "npm:^0.6.0"
    ini: "npm:~1.3.0"
    minimist: "npm:^1.2.0"
    strip-json-comments: "npm:~2.0.1"
  checksum: 09912e7cbe7492aa6edbee4b9b1ef84078645f5f57f0135eb64c003553e59e412fbae1c3e7073d237ec75819fe9e7c44540c90579ded9bc252dd69c182dd1b18
  languageName: node
  linkType: hard

"readable-stream@npm:^2.0.6":
  version: 2.3.6
  resolution: "readable-stream@npm:2.3.6"
  dependencies:
    core-util-is: "npm:~1.0.0"
    inherits: "npm:~2.0.3"
    isarray: "npm:~1.0.0"
    process-nextick-args: "npm:~2.0.0"
    safe-buffer: "npm:~5.1.1"
    string_decoder: "npm:~1.1.1"
    util-deprecate: "npm:~1.0.1"
  checksum: ade81ee61a5edcfaac9ad6530eb99069e5272cce456cd7d83923823027223b86ea0f6aaf6e533211de44d468366b83be231cb6750b69905fe0cfd28c72c190d7
  languageName: node
  linkType: hard

"request@npm:^2.87.0":
  version: 2.88.0
  resolution: "request@npm:2.88.0"
  dependencies:
    aws-sign2: "npm:~0.7.0"
    aws4: "npm:^1.8.0"
    caseless: "npm:~0.12.0"
    combined-stream: "npm:~1.0.6"
    extend: "npm:~3.0.2"
    forever-agent: "npm:~0.6.1"
    form-data: "npm:~2.3.2"
    har-validator: "npm:~5.1.0"
    http-signature: "npm:~1.2.0"
    is-typedarray: "npm:~1.0.0"
    isstream: "npm:~0.1.2"
    json-stringify-safe: "npm:~5.0.1"
    mime-types: "npm:~2.1.19"
    oauth-sign: "npm:~0.9.0"
    performance-now: "npm:^2.1.0"
    qs: "npm:~6.5.2"
    safe-buffer: "npm:^5.1.2"
    tough-cookie: "npm:~2.4.3"
    tunnel-agent: "npm:^0.6.0"
    uuid: "npm:^3.3.2"
  checksum: eceb9bfc5786eb89c4d44f001bbbeee0e7cb80d9cf7c34c99d212de1fe52c24fba8c8c657627307c7c4e27dfb3ac0e103a3e02bec062aa462084123e6dcd5f56
  languageName: node
  linkType: hard

"rimraf@npm:^2.6.1":
  version: 2.6.3
  resolution: "rimraf@npm:2.6.3"
  dependencies:
    glob: "npm:^7.1.3"
  checksum: 822c248cef45d1d894403e234d26b693faa9f98174e0dc69d7ca43ca60a68b79064daf92a67e3d185592aaee431a651b2b4bfc5fb74f32a39ee70f971407b7fa
  languageName: node
  linkType: hard

"safe-buffer@npm:^5.0.1, safe-buffer@npm:^5.1.2, safe-buffer@npm:~5.1.0, safe-buffer@npm:~5.1.1":
  version: 5.1.2
  resolution: "safe-buffer@npm:5.1.2"
  checksum: cebcc60f986c02b6f62e179f506c81fbec00a460ef2762883de7ef95d54172b88c427502c9fd3dec3da0ffaa1e0759dc9b2a7c5a89902f661ab8776fd83775a7
  languageName: node
  linkType: hard

"safer-buffer@npm:>= 2.1.2 < 3, safer-buffer@npm:^2.0.2, safer-buffer@npm:^2.1.0, safer-buffer@npm:~2.1.0":
  version: 2.1.2
  resolution: "safer-buffer@npm:2.1.2"
  checksum: ccf954fb7259bdb8cf9031faa9fb6811786038383bdbbe0675f866cdc7d21ef5066d75a9d950b62031f93ff956249122062596f99ea912f060c9239198e6d5b2
  languageName: node
  linkType: hard

"sax@npm:^1.2.4":
  version: 1.2.4
  resolution: "sax@npm:1.2.4"
  checksum: 02192cfeebfcd8dd7ba740dcc6c887f9123bda534eb14e5a7c6bf0538eae216c069c452b07c5647d73c23c09e7847bc5a5820a573b911ea36adee16a2aeee5cd
  languageName: node
  linkType: hard

"scratch-repo@workspace:.":
  version: 0.0.0
  resolution: "scratch-repo@workspace:."
  dependencies:
    sqlite3: "npm:^4.0.6"
  languageName: unknown
  linkType: soft

"semver@npm:^5.3.0":
  version: 5.6.0
  resolution: "semver@npm:5.6.0"
  checksum: cf1d4a15a36dc4cd7ead937e8063baa3e913e26b6a9365bb4d60224610335bf2a76e2fd5dee4c95a36a9d64d8ba9bb58eb6998df494abde6e98206a0b6bec5d0
  languageName: node
  linkType: hard

"set-blocking@npm:~2.0.0":
  version: 2.0.0
  resolution: "set-blocking@npm:2.0.0"
  checksum: 143c0ce82a015eed595ae9e2a2b65e19e473a19763ebac3a57f4ecc291a32b3a7a9e8911caf6f7f462696e7b6f5e4b1135c1dcabaef761280069f9ce050f6016
  languageName: node
  linkType: hard

"signal-exit@npm:^3.0.0":
  version: 3.0.2
  resolution: "signal-exit@npm:3.0.2"
  checksum: 960eb8f8871ce0951c40f7914450c3431a3cb2c15799e96ca6fd63d26973ea9ae8751ecf424772f2a5c75126c8dfa2fa10ae814742230502e3d2794a12dfe213
  languageName: node
  linkType: hard

"sqlite3@npm:^4.0.6":
  version: 4.0.6
  resolution: "sqlite3@npm:4.0.6"
  dependencies:
    nan: "npm:~2.10.0"
    node-pre-gyp: "npm:^0.11.0"
    request: "npm:^2.87.0"
  checksum: 39248d399ab3a3aec6dec9e084ccf5de6218e94690654c3b086a52a6c7d6d365a1e8955c23cef96bf593ce9656529779b0911d0de7a90a04e5c9885c70ce03c3
  languageName: node
  linkType: hard

"sshpk@npm:^1.7.0":
  version: 1.16.1
  resolution: "sshpk@npm:1.16.1"
  dependencies:
    asn1: "npm:~0.2.3"
    assert-plus: "npm:^1.0.0"
    bcrypt-pbkdf: "npm:^1.0.0"
    dashdash: "npm:^1.12.0"
    ecc-jsbn: "npm:~0.1.1"
    getpass: "npm:^0.1.1"
    jsbn: "npm:~0.1.0"
    safer-buffer: "npm:^2.0.2"
    tweetnacl: "npm:~0.14.0"
  checksum: 354ec14391f2975c494f73ce67f73c3887db7f05b8d4018b41f8bd817e20e3a937d24b35f79b75b833f7b861740e5afb6137e7ea14f91b5e30eaf3d919a19a23
  languageName: node
  linkType: hard

"string-width@npm:^1.0.1, string-width@npm:^1.0.2 || 2":
  version: 1.0.2
  resolution: "string-width@npm:1.0.2"
  dependencies:
    code-point-at: "npm:^1.0.0"
    is-fullwidth-code-point: "npm:^1.0.0"
    strip-ansi: "npm:^3.0.0"
  checksum: 83f78b270fbdfa45f2e23374ac761e7ecf90f823526dbe3516b6406f6f1a7c4bc782759d75c97189c372950d09a12b34bdd4963bf63e6a327b43b4fdfd389897
  languageName: node
  linkType: hard

"string_decoder@npm:~1.1.1":
  version: 1.1.1
  resolution: "string_decoder@npm:1.1.1"
  dependencies:
    safe-buffer: "npm:~5.1.0"
  checksum: 2266f3426eedd7efdf808b6c46634740a5100fb19311e159e7b818a0934e274aad0d47d79a4154b93930edd5219379a62fb09e834e16a74971a32cc1f9c133d2
  languageName: node
  linkType: hard

"strip-ansi@npm:^3.0.0, strip-ansi@npm:^3.0.1":
  version: 3.0.1
  resolution: "strip-ansi@npm:3.0.1"
  dependencies:
    ansi-regex: "npm:^2.0.0"
  checksum: 29f59b0b1e6c18f2cab31c907ede65892faa9bb0a42cb4d9cd78e7cee42ad9d21cf2b6b5373a4153f92721463ffdfa24e18317808ef3c176409ecd537252ad04
  languageName: node
  linkType: hard

"strip-json-comments@npm:~2.0.1":
  version: 2.0.1
  resolution: "strip-json-comments@npm:2.0.1"
  checksum: 4c5812ab44f0937edbd311e689e422824d6f3f7a4ff061d8db0b31b6f28b873dc1383994aa9ab05b2b4bdb255be32b49f4aede97834698de57ef366cef205ade
  languageName: node
  linkType: hard

"tar@npm:^4":
  version: 4.4.8
  resolution: "tar@npm:4.4.8"
  dependencies:
    chownr: "npm:^1.1.1"
    fs-minipass: "npm:^1.2.5"
    minipass: "npm:^2.3.4"
    minizlib: "npm:^1.1.1"
    mkdirp: "npm:^0.5.0"
    safe-buffer: "npm:^5.1.2"
    yallist: "npm:^3.0.2"
  checksum: 8340c2824bbf6263bc4e99906ef8b72b8c76d42ce3609abbc28c6be5d80027c7081b76256fcb007b870963d1ed2f67294553addd0fa8bf93c6d1861444c00835
  languageName: node
  linkType: hard

"tough-cookie@npm:~2.4.3":
  version: 2.4.3
  resolution: "tough-cookie@npm:2.4.3"
  dependencies:
    psl: "npm:^1.1.24"
    punycode: "npm:^1.4.1"
  checksum: f10c98b87f62f9246b3a31641cdaad4aa5c3a5c0f954f0fd9083cb61f2b761f7f4ae4abaeda1ed56fcb08114d67a6ae955344557dcc99da9deb7129953680f84
  languageName: node
  linkType: hard

"tunnel-agent@npm:^0.6.0":
  version: 0.6.0
  resolution: "tunnel-agent@npm:0.6.0"
  dependencies:
    safe-buffer: "npm:^5.0.1"
  checksum: e4459176aa395a7039c8d62b8a62145b548a2457aa5da44dcb008536ea900e14533b8de06b4aeee23be48d3008ef263398a2d349e3df603ef39bac64cb975023
  languageName: node
  linkType: hard

"tweetnacl@npm:^0.14.3, tweetnacl@npm:~0.14.0":
  version: 0.14.5
  resolution: "tweetnacl@npm:0.14.5"
  checksum: e218b67477484ba442f3d231a691c835bf32c18676f1d738479ebc28a0ada3170cd4407c0db044a03cdc877d76d1e4ee5157e210a597f1b2ca1eda87ff660189
  languageName: node
  linkType: hard

"uri-js@npm:^4.2.2":
  version: 4.2.2
  resolution: "uri-js@npm:4.2.2"
  dependencies:
    punycode: "npm:^2.1.0"
  checksum: 9b9730cb83466533d033c623b00d10cd431c56da0131b59a79a6db30b9cf7998dda93d1a65a464203feee7527578f553c87444a995c0f345925f8ef63eff2503
  languageName: node
  linkType: hard

"util-deprecate@npm:~1.0.1":
  version: 1.0.2
  resolution: "util-deprecate@npm:1.0.2"
  checksum: c29f4cc74c3bad847987b8d7fb2a02692b929df7e335f365a63f77178c55453024e43f0808734b824627e91b757758549388c0e44d0697d584e7212f4b5ba662
  languageName: node
  linkType: hard

"uuid@npm:^3.3.2":
  version: 3.3.2
  resolution: "uuid@npm:3.3.2"
  checksum: 26306ec9d24f92d874d11d89ec315df7f6bee81a3983c0d18861aecb70bd4acd535bb0c97a217ba1b66deac31008e010333bea3c68248d3b893bffa46ba4c9a3
  languageName: node
  linkType: hard

"verror@npm:1.10.0":
  version: 1.10.0
  resolution: "verror@npm:1.10.0"
  dependencies:
    assert-plus: "npm:^1.0.0"
    core-util-is: "npm:1.0.2"
    extsprintf: "npm:^1.2.0"
  checksum: 0290e7b59f0a08b19c6b3612985a0a42ad47a62d4aee2d675e4fc4617fb09e5aeb7ea682049174996f92e3379ace5f60248969198059f49d9617a5a9a01efaf9
  languageName: node
  linkType: hard

"wide-align@npm:^1.1.0":
  version: 1.1.3
  resolution: "wide-align@npm:1.1.3"
  dependencies:
    string-width: "npm:^1.0.2 || 2"
  checksum: 1d58d9bbe61b8bbda75436302a9c53481e54cf785e4f1e1765fd715b98620daf93cf417996b6ab58954116a1da7f4c75f210300db408fa0c9e86ab59c06c48bf
  languageName: node
  linkType: hard

"wrappy@npm:1":
  version: 1.0.2
  resolution: "wrappy@npm:1.0.2"
  checksum: 91b30a6876740be2a6cd24a4c12e4376558a0f690084f1863bb25ac2529bd35eadb1abe9dd6ee0ad1d08ada22456277e2d622dfcd4de08f3aa00a7224bcbf982
  languageName: node
  linkType: hard

"yallist@npm:^3.0.0, yallist@npm:^3.0.2":
  version: 3.0.3
  resolution: "yallist@npm:3.0.3"
  checksum: 505d4a9030a68e574819613dd75bf92b9b691e91b6c376605ab3c7de3c48fefbec4e54e401fb01ae396b7eb79fc1d7480b52118fca58166410e2a0490ae7afd6
  languageName: node
  linkType: hard
